// !$*UTF8*$!
{
	archiveVersion = 1;
	classes = {
	};
	objectVersion = 77;
	objects = {

/* Begin PBXBuildFile section */
		C0404E692F73A34800E712F5 /* FirebaseCore in Frameworks */ = {isa = PBXBuildFile; productRef = C0404E682F73A34800E712F5 /* FirebaseCore */; };
		C0404E6B2F73A34800E712F5 /* FirebaseMessaging in Frameworks */ = {isa = PBXBuildFile; productRef = C0404E6A2F73A34800E712F5 /* FirebaseMessaging */; };
		C05EB5F72F7B911E00E0C69B /* FirebaseFirestore in Frameworks */ = {isa = PBXBuildFile; productRef = C05EB5F62F7B911E00E0C69B /* FirebaseFirestore */; };
		C05EB5F92F7B971A00E0C69B /* FirebaseAuth in Frameworks */ = {isa = PBXBuildFile; productRef = C05EB5F82F7B971A00E0C69B /* FirebaseAuth */; };
		C07A6C3B2F1B7C19002868BD /* FMDesignSystem in Frameworks */ = {isa = PBXBuildFile; productRef = C07A6C3A2F1B7C19002868BD /* FMDesignSystem */; };
		C07A6C3D2F1B7C19002868BD /* HomeFeature in Frameworks */ = {isa = PBXBuildFile; productRef = C07A6C3C2F1B7C19002868BD /* HomeFeature */; };
		C0A59BA12F18832700B28BAD /* OnboardingFeature in Frameworks */ = {isa = PBXBuildFile; productRef = C0A59BA02F18832700B28BAD /* OnboardingFeature */; };
		C0B1A0032FD0A00300E712F5 /* IQKeyboardManagerSwift in Frameworks */ = {isa = PBXBuildFile; productRef = C0B1A0022FD0A00200E712F5 /* IQKeyboardManagerSwift */; };
/* End PBXBuildFile section */

/* Begin PBXContainerItemProxy section */
		C070F96C2F17506A00E6003D /* PBXContainerItemProxy */ = {
			isa = PBXContainerItemProxy;
			containerPortal = C070F9512F17506900E6003D /* Project object */;
			proxyType = 1;
			remoteGlobalIDString = C070F9582F17506900E6003D;
			remoteInfo = "FutMatch-Client";
		};
		C070F9762F17506B00E6003D /* PBXContainerItemProxy */ = {
			isa = PBXContainerItemProxy;
			containerPortal = C070F9512F17506900E6003D /* Project object */;
			proxyType = 1;
			remoteGlobalIDString = C070F9582F17506900E6003D;
			remoteInfo = "FutMatch-Client";
		};
/* End PBXContainerItemProxy section */

/* Begin PBXFileReference section */
		C070F9592F17506900E6003D /* FutMatch-Client.app */ = {isa = PBXFileReference; explicitFileType = wrapper.application; includeInIndex = 0; path = "FutMatch-Client.app"; sourceTree = BUILT_PRODUCTS_DIR; };
		C070F96B2F17506A00E6003D /* FutMatch-ClientTests.xctest */ = {isa = PBXFileReference; explicitFileType = wrapper.cfbundle; includeInIndex = 0; path = "FutMatch-ClientTests.xctest"; sourceTree = BUILT_PRODUCTS_DIR; };
		C070F9752F17506A00E6003D /* FutMatch-ClientUITests.xctest */ = {isa = PBXFileReference; explicitFileType = wrapper.cfbundle; includeInIndex = 0; path = "FutMatch-ClientUITests.xctest"; sourceTree = BUILT_PRODUCTS_DIR; };
/* End PBXFileReference section */

/* Begin PBXFileSystemSynchronizedBuildFileExceptionSet section */
		C09CBBB42F8F5B3500B1DE76 /* Exceptions for "FutMatch-Client" folder in "FutMatch-Client" target */ = {
			isa = PBXFileSystemSynchronizedBuildFileExceptionSet;
			membershipExceptions = (
				Info.plist,
			);
			target = C070F9582F17506900E6003D /* FutMatch-Client */;
		};
/* End PBXFileSystemSynchronizedBuildFileExceptionSet section */

/* Begin PBXFileSystemSynchronizedRootGroup section */
		C070F95B2F17506900E6003D /* FutMatch-Client */ = {
			isa = PBXFileSystemSynchronizedRootGroup;
			exceptions = (
				C09CBBB42F8F5B3500B1DE76 /* Exceptions for "FutMatch-Client" folder in "FutMatch-Client" target */,
			);
			path = "FutMatch-Client";
			sourceTree = "<group>";
		};
		C070F96E2F17506A00E6003D /* FutMatch-ClientTests */ = {
			isa = PBXFileSystemSynchronizedRootGroup;
			path = "FutMatch-ClientTests";
			sourceTree = "<group>";
		};
		C070F9782F17506B00E6003D /* FutMatch-ClientUITests */ = {
			isa = PBXFileSystemSynchronizedRootGroup;
			path = "FutMatch-ClientUITests";
			sourceTree = "<group>";
		};
/* End PBXFileSystemSynchronizedRootGroup section */

/* Begin PBXFrameworksBuildPhase section */
		C070F9562F17506900E6003D /* Frameworks */ = {
			isa = PBXFrameworksBuildPhase;
			buildActionMask = 2147483647;
			files = (
				C07A6C3B2F1B7C19002868BD /* FMDesignSystem in Frameworks */,
				C0A59BA12F18832700B28BAD /* OnboardingFeature in Frameworks */,
				C0404E6B2F73A34800E712F5 /* FirebaseMessaging in Frameworks */,
				C0404E692F73A34800E712F5 /* FirebaseCore in Frameworks */,
				C07A6C3D2F1B7C19002868BD /* HomeFeature in Frameworks */,
				C05EB5F92F7B971A00E0C69B /* FirebaseAuth in Frameworks */,
				C05EB5F72F7B911E00E0C69B /* FirebaseFirestore in Frameworks */,
				C0B1A0032FD0A00300E712F5 /* IQKeyboardManagerSwift in Frameworks */,
			);
			runOnlyForDeploymentPostprocessing = 0;
		};
		C070F9682F17506A00E6003D /* Frameworks */ = {
			isa = PBXFrameworksBuildPhase;
			buildActionMask = 2147483647;
			files = (
			);
			runOnlyForDeploymentPostprocessing = 0;
		};
		C070F9722F17506A00E6003D /* Frameworks */ = {
			isa = PBXFrameworksBuildPhase;
			buildActionMask = 2147483647;
			files = (
			);
			runOnlyForDeploymentPostprocessing = 0;
		};
/* End PBXFrameworksBuildPhase section */

/* Begin PBXGroup section */
		C070F9502F17506900E6003D = {
			isa = PBXGroup;
			children = (
				C070F95B2F17506900E6003D /* FutMatch-Client */,
				C070F96E2F17506A00E6003D /* FutMatch-ClientTests */,
				C070F9782F17506B00E6003D /* FutMatch-ClientUITests */,
				C0A59B9B2F18738600B28BAD /* Frameworks */,
				C070F95A2F17506900E6003D /* Products */,
			);
			sourceTree = "<group>";
		};
		C070F95A2F17506900E6003D /* Products */ = {
			isa = PBXGroup;
			children = (
				C070F9592F17506900E6003D /* FutMatch-Client.app */,
				C070F96B2F17506A00E6003D /* FutMatch-ClientTests.xctest */,
				C070F9752F17506A00E6003D /* FutMatch-ClientUITests.xctest */,
			);
			name = Products;
			sourceTree = "<group>";
		};
		C0A59B9B2F18738600B28BAD /* Frameworks */ = {
			isa = PBXGroup;
			children = (
			);
			name = Frameworks;
			sourceTree = "<group>";
		};
/* End PBXGroup section */

/* Begin PBXNativeTarget section */
		C070F9582F17506900E6003D /* FutMatch-Client */ = {
			isa = PBXNativeTarget;
			buildConfigurationList = C070F97F2F17506B00E6003D /* Build configuration list for PBXNativeTarget "FutMatch-Client" */;
			buildPhases = (
				C070F9552F17506900E6003D /* Sources */,
				C070F9562F17506900E6003D /* Frameworks */,
				C070F9572F17506900E6003D /* Resources */,
			);
			buildRules = (
			);
			dependencies = (
			);
			fileSystemSynchronizedGroups = (
				C070F95B2F17506900E6003D /* FutMatch-Client */,
			);
			name = "FutMatch-Client";
			packageProductDependencies = (
				C0A59BA02F18832700B28BAD /* OnboardingFeature */,
				C07A6C3A2F1B7C19002868BD /* FMDesignSystem */,
				C07A6C3C2F1B7C19002868BD /* HomeFeature */,
				C0404E682F73A34800E712F5 /* FirebaseCore */,
				C0404E6A2F73A34800E712F5 /* FirebaseMessaging */,
				C05EB5F62F7B911E00E0C69B /* FirebaseFirestore */,
				C05EB5F82F7B971A00E0C69B /* FirebaseAuth */,
				C0B1A0022FD0A00200E712F5 /* IQKeyboardManagerSwift */,
			);
			productName = "FutMatch-Client";
			productReference = C070F9592F17506900E6003D /* FutMatch-Client.app */;
			productType = "com.apple.product-type.application";
		};
		C070F96A2F17506A00E6003D /* FutMatch-ClientTests */ = {
			isa = PBXNativeTarget;
			buildConfigurationList = C070F9822F17506B00E6003D /* Build configuration list for PBXNativeTarget "FutMatch-ClientTests" */;
			buildPhases = (
				C070F9672F17506A00E6003D /* Sources */,
				C070F9682F17506A00E6003D /* Frameworks */,
				C070F9692F17506A00E6003D /* Resources */,
			);
			buildRules = (
			);
			dependencies = (
				C070F96D2F17506A00E6003D /* PBXTargetDependency */,
			);
			fileSystemSynchronizedGroups = (
				C070F96E2F17506A00E6003D /* FutMatch-ClientTests */,
			);
			name = "FutMatch-ClientTests";
			packageProductDependencies = (
			);
			productName = "FutMatch-ClientTests";
			productReference = C070F96B2F17506A00E6003D /* FutMatch-ClientTests.xctest */;
			productType = "com.apple.product-type.bundle.unit-test";
		};
		C070F9742F17506A00E6003D /* FutMatch-ClientUITests */ = {
			isa = PBXNativeTarget;
			buildConfigurationList = C070F9852F17506B00E6003D /* Build configuration list for PBXNativeTarget "FutMatch-ClientUITests" */;
			buildPhases = (
				C070F9712F17506A00E6003D /* Sources */,
				C070F9722F17506A00E6003D /* Frameworks */,
				C070F9732F17506A00E6003D /* Resources */,
			);
			buildRules = (
			);
			dependencies = (
				C070F9772F17506B00E6003D /* PBXTargetDependency */,
			);
			fileSystemSynchronizedGroups = (
				C070F9782F17506B00E6003D /* FutMatch-ClientUITests */,
			);
			name = "FutMatch-ClientUITests";
			packageProductDependencies = (
			);
			productName = "FutMatch-ClientUITests";
			productReference = C070F9752F17506A00E6003D /* FutMatch-ClientUITests.xctest */;
			productType = "com.apple.product-type.bundle.ui-testing";
		};
/* End PBXNativeTarget section */

/* Begin PBXProject section */
		C070F9512F17506900E6003D /* Project object */ = {
			isa = PBXProject;
			attributes = {
				BuildIndependentTargetsInParallel = 1;
				LastSwiftUpdateCheck = 2620;
				LastUpgradeCheck = 2620;
				TargetAttributes = {
					C070F9582F17506900E6003D = {
						CreatedOnToolsVersion = 26.2;
					};
					C070F96A2F17506A00E6003D = {
						CreatedOnToolsVersion = 26.2;
						TestTargetID = C070F9582F17506900E6003D;
					};
					C070F9742F17506A00E6003D = {
						CreatedOnToolsVersion = 26.2;
						TestTargetID = C070F9582F17506900E6003D;
					};
				};
			};
			buildConfigurationList = C070F9542F17506900E6003D /* Build configuration list for PBXProject "FutMatch-Client" */;
			developmentRegion = en;
			hasScannedForEncodings = 0;
			knownRegions = (
				en,
				es,
				Base,
			);
			mainGroup = C070F9502F17506900E6003D;
			minimizedProjectReferenceProxies = 1;
			packageReferences = (
				C070F98E2F17586600E6003D /* XCLocalSwiftPackageReference "../Packages/Core/PersistenceFramework" */,
				C070F98F2F175A8900E6003D /* XCLocalSwiftPackageReference "../Packages/Core/NetworkFramework" */,
				C0A59B9F2F18831900B28BAD /* XCLocalSwiftPackageReference "../Packages/Features/OnboardingFeature" */,
				C0A59BA42F18BCD200B28BAD /* XCLocalSwiftPackageReference "../Packages/Core/FMDesignSystem" */,
				C07A6C392F1B7A95002868BD /* XCLocalSwiftPackageReference "../Packages/Features/HomeFeature" */,
				C0404E672F73A34800E712F5 /* XCRemoteSwiftPackageReference "firebase-ios-sdk" */,
				C0B1A0012FD0A00100E712F5 /* XCRemoteSwiftPackageReference "IQKeyboardManager" */,
			);
			preferredProjectObjectVersion = 77;
			productRefGroup = C070F95A2F17506900E6003D /* Products */;
			projectDirPath = "";
			projectRoot = "";
			targets = (
				C070F9582F17506900E6003D /* FutMatch-Client */,
				C070F96A2F17506A00E6003D /* FutMatch-ClientTests */,
				C070F9742F17506A00E6003D /* FutMatch-ClientUITests */,
			);
		};
/* End PBXProject section */

/* Begin PBXResourcesBuildPhase section */
		C070F9572F17506900E6003D /* Resources */ = {
			isa = PBXResourcesBuildPhase;
			buildActionMask = 2147483647;
			files = (
			);
			runOnlyForDeploymentPostprocessing = 0;
		};
		C070F9692F17506A00E6003D /* Resources */ = {
			isa = PBXResourcesBuildPhase;
			buildActionMask = 2147483647;
			files = (
			);
			runOnlyForDeploymentPostprocessing = 0;
		};
		C070F9732F17506A00E6003D /* Resources */ = {
			isa = PBXResourcesBuildPhase;
			buildActionMask = 2147483647;
			files = (
			);
			runOnlyForDeploymentPostprocessing = 0;
		};
/* End PBXResourcesBuildPhase section */

/* Begin PBXSourcesBuildPhase section */
		C070F9552F17506900E6003D /* Sources */ = {
			isa = PBXSourcesBuildPhase;
			buildActionMask = 2147483647;
			files = (
			);
			runOnlyForDeploymentPostprocessing = 0;
		};
		C070F9672F17506A00E6003D /* Sources */ = {
			isa = PBXSourcesBuildPhase;
			buildActionMask = 2147483647;
			files = (
			);
			runOnlyForDeploymentPostprocessing = 0;
		};
		C070F9712F17506A00E6003D /* Sources */ = {
			isa = PBXSourcesBuildPhase;
			buildActionMask = 2147483647;
			files = (
			);
			runOnlyForDeploymentPostprocessing = 0;
		};
/* End PBXSourcesBuildPhase section */

/* Begin PBXTargetDependency section */
		C070F96D2F17506A00E6003D /* PBXTargetDependency */ = {
			isa = PBXTargetDependency;
			target = C070F9582F17506900E6003D /* FutMatch-Client */;
			targetProxy = C070F96C2F17506A00E6003D /* PBXContainerItemProxy */;
		};
		C070F9772F17506B00E6003D /* PBXTargetDependency */ = {
			isa = PBXTargetDependency;
			target = C070F9582F17506900E6003D /* FutMatch-Client */;
			targetProxy = C070F9762F17506B00E6003D /* PBXContainerItemProxy */;
		};
/* End PBXTargetDependency section */

/* Begin XCBuildConfiguration section */
		C070F97D2F17506B00E6003D /* Debug */ = {
			isa = XCBuildConfiguration;
			buildSettings = {
				ALWAYS_SEARCH_USER_PATHS = NO;
				ASSETCATALOG_COMPILER_GENERATE_SWIFT_ASSET_SYMBOL_EXTENSIONS = YES;
				CLANG_ANALYZER_NONNULL = YES;
				CLANG_ANALYZER_NUMBER_OBJECT_CONVERSION = YES_AGGRESSIVE;
				CLANG_CXX_LANGUAGE_STANDARD = "gnu++20";
				CLANG_ENABLE_MODULES = YES;
				CLANG_ENABLE_OBJC_ARC = YES;
				CLANG_ENABLE_OBJC_WEAK = YES;
				CLANG_WARN_BLOCK_CAPTURE_AUTORELEASING = YES;
				CLANG_WARN_BOOL_CONVERSION = YES;
				CLANG_WARN_COMMA = YES;
				CLANG_WARN_CONSTANT_CONVERSION = YES;
				CLANG_WARN_DEPRECATED_OBJC_IMPLEMENTATIONS = YES;
				CLANG_WARN_DIRECT_OBJC_ISA_USAGE = YES_ERROR;
				CLANG_WARN_DOCUMENTATION_COMMENTS = YES;
				CLANG_WARN_EMPTY_BODY = YES;
				CLANG_WARN_ENUM_CONVERSION = YES;
				CLANG_WARN_INFINITE_RECURSION = YES;
				CLANG_WARN_INT_CONVERSION = YES;
				CLANG_WARN_NON_LITERAL_NULL_CONVERSION = YES;
				CLANG_WARN_OBJC_IMPLICIT_RETAIN_SELF = YES;
				CLANG_WARN_OBJC_LITERAL_CONVERSION = YES;
				CLANG_WARN_OBJC_ROOT_CLASS = YES_ERROR;
				CLANG_WARN_QUOTED_INCLUDE_IN_FRAMEWORK_HEADER = YES;
				CLANG_WARN_RANGE_LOOP_ANALYSIS = YES;
				CLANG_WARN_STRICT_PROTOTYPES = YES;
				CLANG_WARN_SUSPICIOUS_MOVE = YES;
				CLANG_WARN_UNGUARDED_AVAILABILITY = YES_AGGRESSIVE;
				CLANG_WARN_UNREACHABLE_CODE = YES;
				CLANG_WARN__DUPLICATE_METHOD_MATCH = YES;
				COPY_PHASE_STRIP = NO;
				DEBUG_INFORMATION_FORMAT = dwarf;
				DEVELOPMENT_TEAM = 8NB4P3S66S;
				ENABLE_STRICT_OBJC_MSGSEND = YES;
				ENABLE_TESTABILITY = YES;
				ENABLE_USER_SCRIPT_SANDBOXING = YES;
				GCC_C_LANGUAGE_STANDARD = gnu17;
				GCC_DYNAMIC_NO_PIC = NO;
				GCC_NO_COMMON_BLOCKS = YES;
				GCC_OPTIMIZATION_LEVEL = 0;
				GCC_PREPROCESSOR_DEFINITIONS = (
					"DEBUG=1",
					"$(inherited)",
				);
				GCC_WARN_64_TO_32_BIT_CONVERSION = YES;
				GCC_WARN_ABOUT_RETURN_TYPE = YES_ERROR;
				GCC_WARN_UNDECLARED_SELECTOR = YES;
				GCC_WARN_UNINITIALIZED_AUTOS = YES_AGGRESSIVE;
				GCC_WARN_UNUSED_FUNCTION = YES;
				GCC_WARN_UNUSED_VARIABLE = YES;
				IPHONEOS_DEPLOYMENT_TARGET = 26.2;
				LOCALIZATION_PREFERS_STRING_CATALOGS = YES;
				MTL_ENABLE_DEBUG_INFO = INCLUDE_SOURCE;
				MTL_FAST_MATH = YES;
				ONLY_ACTIVE_ARCH = YES;
				SDKROOT = iphoneos;
				SWIFT_ACTIVE_COMPILATION_CONDITIONS = "DEBUG $(inherited)";
				SWIFT_OPTIMIZATION_LEVEL = "-Onone";
			};
			name = Debug;
		};
		C070F97E2F17506B00E6003D /* Release */ = {
			isa = XCBuildConfiguration;
			buildSettings = {
				ALWAYS_SEARCH_USER_PATHS = NO;
				ASSETCATALOG_COMPILER_GENERATE_SWIFT_ASSET_SYMBOL_EXTENSIONS = YES;
				CLANG_ANALYZER_NONNULL = YES;
				CLANG_ANALYZER_NUMBER_OBJECT_CONVERSION = YES_AGGRESSIVE;
				CLANG_CXX_LANGUAGE_STANDARD = "gnu++20";
				CLANG_ENABLE_MODULES = YES;
				CLANG_ENABLE_OBJC_ARC = YES;
				CLANG_ENABLE_OBJC_WEAK = YES;
				CLANG_WARN_BLOCK_CAPTURE_AUTORELEASING = YES;
				CLANG_WARN_BOOL_CONVERSION = YES;
				CLANG_WARN_COMMA = YES;
				CLANG_WARN_CONSTANT_CONVERSION = YES;
				CLANG_WARN_DEPRECATED_OBJC_IMPLEMENTATIONS = YES;
				CLANG_WARN_DIRECT_OBJC_ISA_USAGE = YES_ERROR;
				CLANG_WARN_DOCUMENTATION_COMMENTS = YES;
				CLANG_WARN_EMPTY_BODY = YES;
				CLANG_WARN_ENUM_CONVERSION = YES;
				CLANG_WARN_INFINITE_RECURSION = YES;
				CLANG_WARN_INT_CONVERSION = YES;
				CLANG_WARN_NON_LITERAL_NULL_CONVERSION = YES;
				CLANG_WARN_OBJC_IMPLICIT_RETAIN_SELF = YES;
				CLANG_WARN_OBJC_LITERAL_CONVERSION = YES;
				CLANG_WARN_OBJC_ROOT_CLASS = YES_ERROR;
				CLANG_WARN_QUOTED_INCLUDE_IN_FRAMEWORK_HEADER = YES;
				CLANG_WARN_RANGE_LOOP_ANALYSIS = YES;
				CLANG_WARN_STRICT_PROTOTYPES = YES;
				CLANG_WARN_SUSPICIOUS_MOVE = YES;
				CLANG_WARN_UNGUARDED_AVAILABILITY = YES_AGGRESSIVE;
				CLANG_WARN_UNREACHABLE_CODE = YES;
				CLANG_WARN__DUPLICATE_METHOD_MATCH = YES;
				COPY_PHASE_STRIP = NO;
				DEBUG_INFORMATION_FORMAT = "dwarf-with-dsym";
				DEVELOPMENT_TEAM = 8NB4P3S66S;
				ENABLE_NS_ASSERTIONS = NO;
				ENABLE_STRICT_OBJC_MSGSEND = YES;
				ENABLE_USER_SCRIPT_SANDBOXING = YES;
				GCC_C_LANGUAGE_STANDARD = gnu17;
				GCC_NO_COMMON_BLOCKS = YES;
				GCC_WARN_64_TO_32_BIT_CONVERSION = YES;
				GCC_WARN_ABOUT_RETURN_TYPE = YES_ERROR;
				GCC_WARN_UNDECLARED_SELECTOR = YES;
				GCC_WARN_UNINITIALIZED_AUTOS = YES_AGGRESSIVE;
				GCC_WARN_UNUSED_FUNCTION = YES;
				GCC_WARN_UNUSED_VARIABLE = YES;
				IPHONEOS_DEPLOYMENT_TARGET = 26.2;
				LOCALIZATION_PREFERS_STRING_CATALOGS = YES;
				MTL_ENABLE_DEBUG_INFO = NO;
				MTL_FAST_MATH = YES;
				SDKROOT = iphoneos;
				SWIFT_COMPILATION_MODE = wholemodule;
				VALIDATE_PRODUCT = YES;
			};
			name = Release;
		};
		C070F9802F17506B00E6003D /* Debug */ = {
			isa = XCBuildConfiguration;
			buildSettings = {
				ASSETCATALOG_COMPILER_APPICON_NAME = AppIcon;
				ASSETCATALOG_COMPILER_GLOBAL_ACCENT_COLOR_NAME = AccentColor;
				CODE_SIGN_IDENTITY = "Apple Development";
				CODE_SIGN_STYLE = Automatic;
				CURRENT_PROJECT_VERSION = 1;
				DEVELOPMENT_TEAM = 8NB4P3S66S;
				ENABLE_PREVIEWS = YES;
				GENERATE_INFOPLIST_FILE = YES;
				INFOPLIST_FILE = "FutMatch-Client/Info.plist";
				INFOPLIST_KEY_CFBundleDisplayName = Futmatch;
				INFOPLIST_KEY_LSApplicationCategoryType = "public.app-category.sports";
				INFOPLIST_KEY_NSCameraUsageDescription = "Vamos a tomarte una foto para el perfil ";
				INFOPLIST_KEY_UIApplicationSceneManifest_Generation = YES;
				INFOPLIST_KEY_UIApplicationSupportsIndirectInputEvents = YES;
				INFOPLIST_KEY_UILaunchStoryboardName = LaunchScreen;
				INFOPLIST_KEY_UISupportedInterfaceOrientations_iPad = "UIInterfaceOrientationPortrait UIInterfaceOrientationPortraitUpsideDown UIInterfaceOrientationLandscapeLeft UIInterfaceOrientationLandscapeRight";
				INFOPLIST_KEY_UISupportedInterfaceOrientations_iPhone = "UIInterfaceOrientationPortrait UIInterfaceOrientationLandscapeLeft UIInterfaceOrientationLandscapeRight";
				IPHONEOS_DEPLOYMENT_TARGET = 16;
				LD_RUNPATH_SEARCH_PATHS = (
					"$(inherited)",
					"@executable_path/Frameworks",
				);
				MARKETING_VERSION = 1.0;
				PRODUCT_BUNDLE_IDENTIFIER = "com.gerardo.FutMatch-Client";
				PRODUCT_NAME = "$(TARGET_NAME)";
				PROVISIONING_PROFILE_SPECIFIER = "";
				STRING_CATALOG_GENERATE_SYMBOLS = YES;
				SWIFT_APPROACHABLE_CONCURRENCY = YES;
				SWIFT_DEFAULT_ACTOR_ISOLATION = MainActor;
				SWIFT_EMIT_LOC_STRINGS = YES;
				SWIFT_UPCOMING_FEATURE_MEMBER_IMPORT_VISIBILITY = YES;
				SWIFT_VERSION = 5.0;
				TARGETED_DEVICE_FAMILY = "1,2";
			};
			name = Debug;
		};
		C070F9812F17506B00E6003D /* Release */ = {
			isa = XCBuildConfiguration;
			buildSettings = {
				ASSETCATALOG_COMPILER_APPICON_NAME = AppIcon;
				ASSETCATALOG_COMPILER_GLOBAL_ACCENT_COLOR_NAME = AccentColor;
				CODE_SIGN_IDENTITY = "Apple Development";
				CODE_SIGN_STYLE = Automatic;
				CURRENT_PROJECT_VERSION = 1;
				DEVELOPMENT_TEAM = 8NB4P3S66S;
				ENABLE_PREVIEWS = YES;
				GENERATE_INFOPLIST_FILE = YES;
				INFOPLIST_FILE = "FutMatch-Client/Info.plist";
				INFOPLIST_KEY_CFBundleDisplayName = Futmatch;
				INFOPLIST_KEY_LSApplicationCategoryType = "public.app-category.sports";
				INFOPLIST_KEY_NSCameraUsageDescription = "Vamos a tomarte una foto para el perfil ";
				INFOPLIST_KEY_UIApplicationSceneManifest_Generation = YES;
				INFOPLIST_KEY_UIApplicationSupportsIndirectInputEvents = YES;
				INFOPLIST_KEY_UILaunchStoryboardName = LaunchScreen;
				INFOPLIST_KEY_UISupportedInterfaceOrientations_iPad = "UIInterfaceOrientationPortrait UIInterfaceOrientationPortraitUpsideDown UIInterfaceOrientationLandscapeLeft UIInterfaceOrientationLandscapeRight";
				INFOPLIST_KEY_UISupportedInterfaceOrientations_iPhone = "UIInterfaceOrientationPortrait UIInterfaceOrientationLandscapeLeft UIInterfaceOrientationLandscapeRight";
				IPHONEOS_DEPLOYMENT_TARGET = 16;
				LD_RUNPATH_SEARCH_PATHS = (
					"$(inherited)",
					"@executable_path/Frameworks",
				);
				MARKETING_VERSION = 1.0;
				PRODUCT_BUNDLE_IDENTIFIER = "com.gerardo.FutMatch-Client";
				PRODUCT_NAME = "$(TARGET_NAME)";
				PROVISIONING_PROFILE_SPECIFIER = "";
				STRING_CATALOG_GENERATE_SYMBOLS = YES;
				SWIFT_APPROACHABLE_CONCURRENCY = YES;
				SWIFT_DEFAULT_ACTOR_ISOLATION = MainActor;
				SWIFT_EMIT_LOC_STRINGS = YES;
				SWIFT_UPCOMING_FEATURE_MEMBER_IMPORT_VISIBILITY = YES;
				SWIFT_VERSION = 5.0;
				TARGETED_DEVICE_FAMILY = "1,2";
			};
			name = Release;
		};
		C070F9832F17506B00E6003D /* Debug */ = {
			isa = XCBuildConfiguration;
			buildSettings = {
				BUNDLE_LOADER = "$(TEST_HOST)";
				CODE_SIGN_STYLE = Automatic;
				CURRENT_PROJECT_VERSION = 1;
				DEVELOPMENT_TEAM = 8NB4P3S66S;
				GENERATE_INFOPLIST_FILE = YES;
				IPHONEOS_DEPLOYMENT_TARGET = 26.2;
				MARKETING_VERSION = 1.0;
				PRODUCT_BUNDLE_IDENTIFIER = "com.gerardo.FutMatch-ClientTests";
				PRODUCT_NAME = "$(TARGET_NAME)";
				STRING_CATALOG_GENERATE_SYMBOLS = NO;
				SWIFT_APPROACHABLE_CONCURRENCY = YES;
				SWIFT_EMIT_LOC_STRINGS = NO;
				SWIFT_UPCOMING_FEATURE_MEMBER_IMPORT_VISIBILITY = YES;
				SWIFT_VERSION = 5.0;
				TARGETED_DEVICE_FAMILY = "1,2";
				TEST_HOST = "$(BUILT_PRODUCTS_DIR)/FutMatch-Client.app/$(BUNDLE_EXECUTABLE_FOLDER_PATH)/FutMatch-Client";
			};
			name = Debug;
		};
		C070F9842F17506B00E6003D /* Release */ = {
			isa = XCBuildConfiguration;
			buildSettings = {
				BUNDLE_LOADER = "$(TEST_HOST)";
				CODE_SIGN_STYLE = Automatic;
				CURRENT_PROJECT_VERSION = 1;
				DEVELOPMENT_TEAM = 8NB4P3S66S;
				GENERATE_INFOPLIST_FILE = YES;
				IPHONEOS_DEPLOYMENT_TARGET = 26.2;
				MARKETING_VERSION = 1.0;
				PRODUCT_BUNDLE_IDENTIFIER = "com.gerardo.FutMatch-ClientTests";
				PRODUCT_NAME = "$(TARGET_NAME)";
				STRING_CATALOG_GENERATE_SYMBOLS = NO;
				SWIFT_APPROACHABLE_CONCURRENCY = YES;
				SWIFT_EMIT_LOC_STRINGS = NO;
				SWIFT_UPCOMING_FEATURE_MEMBER_IMPORT_VISIBILITY = YES;
				SWIFT_VERSION = 5.0;
				TARGETED_DEVICE_FAMILY = "1,2";
				TEST_HOST = "$(BUILT_PRODUCTS_DIR)/FutMatch-Client.app/$(BUNDLE_EXECUTABLE_FOLDER_PATH)/FutMatch-Client";
			};
			name = Release;
		};
		C070F9862F17506B00E6003D /* Debug */ = {
			isa = XCBuildConfiguration;
			buildSettings = {
				CODE_SIGN_STYLE = Automatic;
				CURRENT_PROJECT_VERSION = 1;
				DEVELOPMENT_TEAM = 8NB4P3S66S;
				GENERATE_INFOPLIST_FILE = YES;
				MARKETING_VERSION = 1.0;
				PRODUCT_BUNDLE_IDENTIFIER = "com.gerardo.FutMatch-ClientUITests";
				PRODUCT_NAME = "$(TARGET_NAME)";
				STRING_CATALOG_GENERATE_SYMBOLS = NO;
				SWIFT_APPROACHABLE_CONCURRENCY = YES;
				SWIFT_EMIT_LOC_STRINGS = NO;
				SWIFT_UPCOMING_FEATURE_MEMBER_IMPORT_VISIBILITY = YES;
				SWIFT_VERSION = 5.0;
				TARGETED_DEVICE_FAMILY = "1,2";
				TEST_TARGET_NAME = "FutMatch-Client";
			};
			name = Debug;
		};
		C070F9872F17506B00E6003D /* Release */ = {
			isa = XCBuildConfiguration;
			buildSettings = {
				CODE_SIGN_STYLE = Automatic;
				CURRENT_PROJECT_VERSION = 1;
				DEVELOPMENT_TEAM = 8NB4P3S66S;
				GENERATE_INFOPLIST_FILE = YES;
				MARKETING_VERSION = 1.0;
				PRODUCT_BUNDLE_IDENTIFIER = "com.gerardo.FutMatch-ClientUITests";
				PRODUCT_NAME = "$(TARGET_NAME)";
				STRING_CATALOG_GENERATE_SYMBOLS = NO;
				SWIFT_APPROACHABLE_CONCURRENCY = YES;
				SWIFT_EMIT_LOC_STRINGS = NO;
				SWIFT_UPCOMING_FEATURE_MEMBER_IMPORT_VISIBILITY = YES;
				SWIFT_VERSION = 5.0;
				TARGETED_DEVICE_FAMILY = "1,2";
				TEST_TARGET_NAME = "FutMatch-Client";
			};
			name = Release;
		};
/* End XCBuildConfiguration section */

/* Begin XCConfigurationList section */
		C070F9542F17506900E6003D /* Build configuration list for PBXProject "FutMatch-Client" */ = {
			isa = XCConfigurationList;
			buildConfigurations = (
				C070F97D2F17506B00E6003D /* Debug */,
				C070F97E2F17506B00E6003D /* Release */,
			);
			defaultConfigurationIsVisible = 0;
			defaultConfigurationName = Release;
		};
		C070F97F2F17506B00E6003D /* Build configuration list for PBXNativeTarget "FutMatch-Client" */ = {
			isa = XCConfigurationList;
			buildConfigurations = (
				C070F9802F17506B00E6003D /* Debug */,
				C070F9812F17506B00E6003D /* Release */,
			);
			defaultConfigurationIsVisible = 0;
			defaultConfigurationName = Release;
		};
		C070F9822F17506B00E6003D /* Build configuration list for PBXNativeTarget "FutMatch-ClientTests" */ = {
			isa = XCConfigurationList;
			buildConfigurations = (
				C070F9832F17506B00E6003D /* Debug */,
				C070F9842F17506B00E6003D /* Release */,
			);
			defaultConfigurationIsVisible = 0;
			defaultConfigurationName = Release;
		};
		C070F9852F17506B00E6003D /* Build configuration list for PBXNativeTarget "FutMatch-ClientUITests" */ = {
			isa = XCConfigurationList;
			buildConfigurations = (
				C070F9862F17506B00E6003D /* Debug */,
				C070F9872F17506B00E6003D /* Release */,
			);
			defaultConfigurationIsVisible = 0;
			defaultConfigurationName = Release;
		};
/* End XCConfigurationList section */

/* Begin XCLocalSwiftPackageReference section */
		C070F98E2F17586600E6003D /* XCLocalSwiftPackageReference "../Packages/Core/PersistenceFramework" */ = {
			isa = XCLocalSwiftPackageReference;
			relativePath = ../Packages/Core/PersistenceFramework;
		};
		C070F98F2F175A8900E6003D /* XCLocalSwiftPackageReference "../Packages/Core/NetworkFramework" */ = {
			isa = XCLocalSwiftPackageReference;
			relativePath = ../Packages/Core/NetworkFramework;
		};
		C07A6C392F1B7A95002868BD /* XCLocalSwiftPackageReference "../Packages/Features/HomeFeature" */ = {
			isa = XCLocalSwiftPackageReference;
			relativePath = ../Packages/Features/HomeFeature;
		};
		C0A59B9F2F18831900B28BAD /* XCLocalSwiftPackageReference "../Packages/Features/OnboardingFeature" */ = {
			isa = XCLocalSwiftPackageReference;
			relativePath = ../Packages/Features/OnboardingFeature;
		};
		C0A59BA42F18BCD200B28BAD /* XCLocalSwiftPackageReference "../Packages/Core/FMDesignSystem" */ = {
			isa = XCLocalSwiftPackageReference;
			relativePath = ../Packages/Core/FMDesignSystem;
		};
/* End XCLocalSwiftPackageReference section */

/* Begin XCRemoteSwiftPackageReference section */
		C0404E672F73A34800E712F5 /* XCRemoteSwiftPackageReference "firebase-ios-sdk" */ = {
			isa = XCRemoteSwiftPackageReference;
			repositoryURL = "https://github.com/firebase/firebase-ios-sdk";
			requirement = {
				kind = upToNextMajorVersion;
				minimumVersion = 12.11.0;
			};
		};
		C0B1A0012FD0A00100E712F5 /* XCRemoteSwiftPackageReference "IQKeyboardManager" */ = {
			isa = XCRemoteSwiftPackageReference;
			repositoryURL = "https://github.com/hackiftekhar/IQKeyboardManager.git";
			requirement = {
				kind = upToNextMajorVersion;
				minimumVersion = 8.0.0;
			};
		};
/* End XCRemoteSwiftPackageReference section */

/* Begin XCSwiftPackageProductDependency section */
		C0404E682F73A34800E712F5 /* FirebaseCore */ = {
			isa = XCSwiftPackageProductDependency;
			package = C0404E672F73A34800E712F5 /* XCRemoteSwiftPackageReference "firebase-ios-sdk" */;
			productName = FirebaseCore;
		};
		C0404E6A2F73A34800E712F5 /* FirebaseMessaging */ = {
			isa = XCSwiftPackageProductDependency;
			package = C0404E672F73A34800E712F5 /* XCRemoteSwiftPackageReference "firebase-ios-sdk" */;
			productName = FirebaseMessaging;
		};
		C05EB5F62F7B911E00E0C69B /* FirebaseFirestore */ = {
			isa = XCSwiftPackageProductDependency;
			package = C0404E672F73A34800E712F5 /* XCRemoteSwiftPackageReference "firebase-ios-sdk" */;
			productName = FirebaseFirestore;
		};
		C05EB5F82F7B971A00E0C69B /* FirebaseAuth */ = {
			isa = XCSwiftPackageProductDependency;
			package = C0404E672F73A34800E712F5 /* XCRemoteSwiftPackageReference "firebase-ios-sdk" */;
			productName = FirebaseAuth;
		};
		C07A6C3A2F1B7C19002868BD /* FMDesignSystem */ = {
			isa = XCSwiftPackageProductDependency;
			package = C0A59BA42F18BCD200B28BAD /* XCLocalSwiftPackageReference "../Packages/Core/FMDesignSystem" */;
			productName = FMDesignSystem;
		};
		C07A6C3C2F1B7C19002868BD /* HomeFeature */ = {
			isa = XCSwiftPackageProductDependency;
			package = C07A6C392F1B7A95002868BD /* XCLocalSwiftPackageReference "../Packages/Features/HomeFeature" */;
			productName = HomeFeature;
		};
		C0A59BA02F18832700B28BAD /* OnboardingFeature */ = {
			isa = XCSwiftPackageProductDependency;
			package = C0A59B9F2F18831900B28BAD /* XCLocalSwiftPackageReference "../Packages/Features/OnboardingFeature" */;
			productName = OnboardingFeature;
		};
		C0B1A0022FD0A00200E712F5 /* IQKeyboardManagerSwift */ = {
			isa = XCSwiftPackageProductDependency;
			package = C0B1A0012FD0A00100E712F5 /* XCRemoteSwiftPackageReference "IQKeyboardManager" */;
			productName = IQKeyboardManagerSwift;
		};
/* End XCSwiftPackageProductDependency section */
	};
	rootObject = C070F9512F17506900E6003D /* Project object */;
}
